{
  "name": "nestjs-line-tutorial",
  "lockfileVersion": 3,
  "requires": true,
  "packages": {
    "": {
      "name": "nestjs-line-tutorial",
      "workspaces": [
        "packages/*"
      ]
    },
    "node_modules/server-app": {
      "resolved": "packages/server-app",
      "link": true
    },
    "node_modules/web-app": {
      "resolved": "packages/web-app",
      "link": true
    },
    "packages/server-app": {
      "version": "1.0.0"
    },
    "packages/web-app": {
      "version": "1.0.0",
      "license": "ISC",
      "devDependencies": {}
    }
  }
}
